
Microsoft Visual Studio Solution File, Format Version 12.00
# Visual Studio Version 17
VisualStudioVersion = 17.8.34511.84
MinimumVisualStudioVersion = 10.0.40219.1
Project("{FAE04EC0-301F-11D3-BF4B-00C04F79EFBC}") = "Namespace-Dll-Static-Etesions  Homeworks", "Namespace-Dll-Static-Etesions  Homeworks\Namespace-Dll-Static-Etesions  Homeworks.csproj", "{C0615227-32BC-4619-92A1-07A663C5CCCA}"
EndProject
Global
	GlobalSection(SolutionConfigurationPlatforms) = preSolution
		Debug|Any CPU = Debug|Any CPU
		Release|Any CPU = Release|Any CPU
	EndGlobalSection
	GlobalSection(ProjectConfigurationPlatforms) = postSolution
		{C0615227-32BC-4619-92A1-07A663C5CCCA}.Debug|Any CPU.ActiveCfg = Debug|Any CPU
		{C0615227-32BC-4619-92A1-07A663C5CCCA}.Debug|Any CPU.Build.0 = Debug|Any CPU
		{C0615227-32BC-4619-92A1-07A663C5CCCA}.Release|Any CPU.ActiveCfg = Release|Any CPU
		{C0615227-32BC-4619-92A1-07A663C5CCCA}.Release|Any CPU.Build.0 = Release|Any CPU
	EndGlobalSection
	GlobalSection(SolutionProperties) = preSolution
		HideSolutionNode = FALSE
	EndGlobalSection
	GlobalSection(ExtensibilityGlobals) = postSolution
		SolutionGuid = {045FD5E0-976E-4DC9-BC1A-1931871DFB0C}
	EndGlobalSection
EndGlobal
