
Microsoft Visual Studio Solution File, Format Version 12.00
# Visual Studio Version 17
VisualStudioVersion = 17.8.34511.84
MinimumVisualStudioVersion = 10.0.40219.1
Project("{FAE04EC0-301F-11D3-BF4B-00C04F79EFBC}") = "Namespace-Dll-Static -Extation", "Namespace-Dll-Static -Extation\Namespace-Dll-Static -Extation.csproj", "{84C4859C-4C0C-4C34-AD71-66FBF426254D}"
EndProject
Project("{FAE04EC0-301F-11D3-BF4B-00C04F79EFBC}") = "Services", "Services\Services.csproj", "{D0C96CEE-EAFC-4EF8-AAD1-60357E088C32}"
EndProject
Global
	GlobalSection(SolutionConfigurationPlatforms) = preSolution
		Debug|Any CPU = Debug|Any CPU
		Release|Any CPU = Release|Any CPU
	EndGlobalSection
	GlobalSection(ProjectConfigurationPlatforms) = postSolution
		{84C4859C-4C0C-4C34-AD71-66FBF426254D}.Debug|Any CPU.ActiveCfg = Debug|Any CPU
		{84C4859C-4C0C-4C34-AD71-66FBF426254D}.Debug|Any CPU.Build.0 = Debug|Any CPU
		{84C4859C-4C0C-4C34-AD71-66FBF426254D}.Release|Any CPU.ActiveCfg = Release|Any CPU
		{84C4859C-4C0C-4C34-AD71-66FBF426254D}.Release|Any CPU.Build.0 = Release|Any CPU
		{D0C96CEE-EAFC-4EF8-AAD1-60357E088C32}.Debug|Any CPU.ActiveCfg = Debug|Any CPU
		{D0C96CEE-EAFC-4EF8-AAD1-60357E088C32}.Debug|Any CPU.Build.0 = Debug|Any CPU
		{D0C96CEE-EAFC-4EF8-AAD1-60357E088C32}.Release|Any CPU.ActiveCfg = Release|Any CPU
		{D0C96CEE-EAFC-4EF8-AAD1-60357E088C32}.Release|Any CPU.Build.0 = Release|Any CPU
	EndGlobalSection
	GlobalSection(SolutionProperties) = preSolution
		HideSolutionNode = FALSE
	EndGlobalSection
	GlobalSection(ExtensibilityGlobals) = postSolution
		SolutionGuid = {DFAA00C5-F4F0-40C3-8CF4-4D5C85101FCF}
	EndGlobalSection
EndGlobal
